
Microsoft Visual Studio Solution File, Format Version 12.00
# Visual Studio Version 16
VisualStudioVersion = 16.0.32510.428
MinimumVisualStudioVersion = 10.0.40219.1
Project("{FAE04EC0-301F-11D3-BF4B-00C04F79EFBC}") = "NewTask", "NewTask\NewTask.csproj", "{DD9639BA-61CD-4F2B-BDB6-2C3574F069C0}"
EndProject
Global
	GlobalSection(SolutionConfigurationPlatforms) = preSolution
		Debug|Any CPU = Debug|Any CPU
		Release|Any CPU = Release|Any CPU
	EndGlobalSection
	GlobalSection(ProjectConfigurationPlatforms) = postSolution
		{DD9639BA-61CD-4F2B-BDB6-2C3574F069C0}.Debug|Any CPU.ActiveCfg = Debug|Any CPU
		{DD9639BA-61CD-4F2B-BDB6-2C3574F069C0}.Debug|Any CPU.Build.0 = Debug|Any CPU
		{DD9639BA-61CD-4F2B-BDB6-2C3574F069C0}.Release|Any CPU.ActiveCfg = Release|Any CPU
		{DD9639BA-61CD-4F2B-BDB6-2C3574F069C0}.Release|Any CPU.Build.0 = Release|Any CPU
	EndGlobalSection
	GlobalSection(SolutionProperties) = preSolution
		HideSolutionNode = FALSE
	EndGlobalSection
	GlobalSection(ExtensibilityGlobals) = postSolution
		SolutionGuid = {E19A6148-2A95-41A4-918F-5D428FC4C6BB}
	EndGlobalSection
EndGlobal
